// !$*UTF8*$!
{
	archiveVersion = 1;
	classes = {
	};
	objectVersion = 46;
	objects = {

/* Begin PBXBuildFile section */
		1C07E19F19A32531007DB1C6 /* Foundation.framework in Frameworks */ = {isa = PBXBuildFile; fileRef = 1C07E19E19A32531007DB1C6 /* Foundation.framework */; };
		1C07E1A119A32531007DB1C6 /* CoreGraphics.framework in Frameworks */ = {isa = PBXBuildFile; fileRef = 1C07E1A019A32531007DB1C6 /* CoreGraphics.framework */; };
		1C07E1A319A32531007DB1C6 /* UIKit.framework in Frameworks */ = {isa = PBXBuildFile; fileRef = 1C07E1A219A32531007DB1C6 /* UIKit.framework */; };
		1C07E1A919A32531007DB1C6 /* InfoPlist.strings in Resources */ = {isa = PBXBuildFile; fileRef = 1C07E1A719A32531007DB1C6 /* InfoPlist.strings */; };
		1C07E1AB19A32531007DB1C6 /* main.m in Sources */ = {isa = PBXBuildFile; fileRef = 1C07E1AA19A32531007DB1C6 /* main.m */; };
		1C07E1AF19A32531007DB1C6 /* AppDelegate.m in Sources */ = {isa = PBXBuildFile; fileRef = 1C07E1AE19A32531007DB1C6 /* AppDelegate.m */; };
		1C07E1B219A32531007DB1C6 /* Main.storyboard in Resources */ = {isa = PBXBuildFile; fileRef = 1C07E1B019A32531007DB1C6 /* Main.storyboard */; };
		1C07E1B519A32531007DB1C6 /* ViewController.m in Sources */ = {isa = PBXBuildFile; fileRef = 1C07E1B419A32531007DB1C6 /* ViewController.m */; };
		1C07E1B719A32531007DB1C6 /* Images.xcassets in Resources */ = {isa = PBXBuildFile; fileRef = 1C07E1B619A32531007DB1C6 /* Images.xcassets */; };
		1C07E1BE19A32531007DB1C6 /* XCTest.framework in Frameworks */ = {isa = PBXBuildFile; fileRef = 1C07E1BD19A32531007DB1C6 /* XCTest.framework */; };
		1C07E1BF19A32531007DB1C6 /* Foundation.framework in Frameworks */ = {isa = PBXBuildFile; fileRef = 1C07E19E19A32531007DB1C6 /* Foundation.framework */; };
		1C07E1C019A32531007DB1C6 /* UIKit.framework in Frameworks */ = {isa = PBXBuildFile; fileRef = 1C07E1A219A32531007DB1C6 /* UIKit.framework */; };
		1C07E1C819A32531007DB1C6 /* InfoPlist.strings in Resources */ = {isa = PBXBuildFile; fileRef = 1C07E1C619A32531007DB1C6 /* InfoPlist.strings */; };
		1C07E1CA19A32531007DB1C6 /* CoreDataWithSingleViewTests.m in Sources */ = {isa = PBXBuildFile; fileRef = 1C07E1C919A32531007DB1C6 /* CoreDataWithSingleViewTests.m */; };
		1C07E1D519A326A8007DB1C6 /* FormFillup.m in Sources */ = {isa = PBXBuildFile; fileRef = 1C07E1D419A326A8007DB1C6 /* FormFillup.m */; };
		1C07E1D819A32B2E007DB1C6 /* FormData.xcdatamodeld in Sources */ = {isa = PBXBuildFile; fileRef = 1C07E1D619A32B2E007DB1C6 /* FormData.xcdatamodeld */; };
		1C07E1DA19A32C1F007DB1C6 /* CoreData.framework in Frameworks */ = {isa = PBXBuildFile; fileRef = 1C07E1D919A32C1F007DB1C6 /* CoreData.framework */; };
/* End PBXBuildFile section */

/* Begin PBXContainerItemProxy section */
		1C07E1C119A32531007DB1C6 /* PBXContainerItemProxy */ = {
			isa = PBXContainerItemProxy;
			containerPortal = 1C07E19319A32531007DB1C6 /* Project object */;
			proxyType = 1;
			remoteGlobalIDString = 1C07E19A19A32531007DB1C6;
			remoteInfo = CoreDataWithSingleView;
		};
/* End PBXContainerItemProxy section */

/* Begin PBXFileReference section */
		1C07E19B19A32531007DB1C6 /* CoreDataWithSingleView.app */ = {isa = PBXFileReference; explicitFileType = wrapper.application; includeInIndex = 0; path = CoreDataWithSingleView.app; sourceTree = BUILT_PRODUCTS_DIR; };
		1C07E19E19A32531007DB1C6 /* Foundation.framework */ = {isa = PBXFileReference; lastKnownFileType = wrapper.framework; name = Foundation.framework; path = System/Library/Frameworks/Foundation.framework; sourceTree = SDKROOT; };
		1C07E1A019A32531007DB1C6 /* CoreGraphics.framework */ = {isa = PBXFileReference; lastKnownFileType = wrapper.framework; name = CoreGraphics.framework; path = System/Library/Frameworks/CoreGraphics.framework; sourceTree = SDKROOT; };
		1C07E1A219A32531007DB1C6 /* UIKit.framework */ = {isa = PBXFileReference; lastKnownFileType = wrapper.framework; name = UIKit.framework; path = System/Library/Frameworks/UIKit.framework; sourceTree = SDKROOT; };
		1C07E1A619A32531007DB1C6 /* CoreDataWithSingleView-Info.plist */ = {isa = PBXFileReference; lastKnownFileType = text.plist.xml; path = "CoreDataWithSingleView-Info.plist"; sourceTree = "<group>"; };
		1C07E1A819A32531007DB1C6 /* en */ = {isa = PBXFileReference; lastKnownFileType = text.plist.strings; name = en; path = en.lproj/InfoPlist.strings; sourceTree = "<group>"; };
		1C07E1AA19A32531007DB1C6 /* main.m */ = {isa = PBXFileReference; lastKnownFileType = sourcecode.c.objc; path = main.m; sourceTree = "<group>"; };
		1C07E1AC19A32531007DB1C6 /* CoreDataWithSingleView-Prefix.pch */ = {isa = PBXFileReference; lastKnownFileType = sourcecode.c.h; path = "CoreDataWithSingleView-Prefix.pch"; sourceTree = "<group>"; };
		1C07E1AD19A32531007DB1C6 /* AppDelegate.h */ = {isa = PBXFileReference; lastKnownFileType = sourcecode.c.h; path = AppDelegate.h; sourceTree = "<group>"; };
		1C07E1AE19A32531007DB1C6 /* AppDelegate.m */ = {isa = PBXFileReference; lastKnownFileType = sourcecode.c.objc; path = AppDelegate.m; sourceTree = "<group>"; };
		1C07E1B119A32531007DB1C6 /* Base */ = {isa = PBXFileReference; lastKnownFileType = file.storyboard; name = Base; path = Base.lproj/Main.storyboard; sourceTree = "<group>"; };
		1C07E1B319A32531007DB1C6 /* ViewController.h */ = {isa = PBXFileReference; lastKnownFileType = sourcecode.c.h; path = ViewController.h; sourceTree = "<group>"; };
		1C07E1B419A32531007DB1C6 /* ViewController.m */ = {isa = PBXFileReference; lastKnownFileType = sourcecode.c.objc; path = ViewController.m; sourceTree = "<group>"; };
		1C07E1B619A32531007DB1C6 /* Images.xcassets */ = {isa = PBXFileReference; lastKnownFileType = folder.assetcatalog; path = Images.xcassets; sourceTree = "<group>"; };
		1C07E1BC19A32531007DB1C6 /* CoreDataWithSingleViewTests.xctest */ = {isa = PBXFileReference; explicitFileType = wrapper.cfbundle; includeInIndex = 0; path = CoreDataWithSingleViewTests.xctest; sourceTree = BUILT_PRODUCTS_DIR; };
		1C07E1BD19A32531007DB1C6 /* XCTest.framework */ = {isa = PBXFileReference; lastKnownFileType = wrapper.framework; name = XCTest.framework; path = Library/Frameworks/XCTest.framework; sourceTree = DEVELOPER_DIR; };
		1C07E1C519A32531007DB1C6 /* CoreDataWithSingleViewTests-Info.plist */ = {isa = PBXFileReference; lastKnownFileType = text.plist.xml; path = "CoreDataWithSingleViewTests-Info.plist"; sourceTree = "<group>"; };
		1C07E1C719A32531007DB1C6 /* en */ = {isa = PBXFileReference; lastKnownFileType = text.plist.strings; name = en; path = en.lproj/InfoPlist.strings; sourceTree = "<group>"; };
		1C07E1C919A32531007DB1C6 /* CoreDataWithSingleViewTests.m */ = {isa = PBXFileReference; lastKnownFileType = sourcecode.c.objc; path = CoreDataWithSingleViewTests.m; sourceTree = "<group>"; };
		1C07E1D319A326A8007DB1C6 /* FormFillup.h */ = {isa = PBXFileReference; fileEncoding = 4; lastKnownFileType = sourcecode.c.h; path = FormFillup.h; sourceTree = "<group>"; };
		1C07E1D419A326A8007DB1C6 /* FormFillup.m */ = {isa = PBXFileReference; fileEncoding = 4; lastKnownFileType = sourcecode.c.objc; path = FormFillup.m; sourceTree = "<group>"; };
		1C07E1D719A32B2E007DB1C6 /* FormData.xcdatamodel */ = {isa = PBXFileReference; lastKnownFileType = wrapper.xcdatamodel; path = FormData.xcdatamodel; sourceTree = "<group>"; };
		1C07E1D919A32C1F007DB1C6 /* CoreData.framework */ = {isa = PBXFileReference; lastKnownFileType = wrapper.framework; name = CoreData.framework; path = System/Library/Frameworks/CoreData.framework; sourceTree = SDKROOT; };
/* End PBXFileReference section */

/* Begin PBXFrameworksBuildPhase section */
		1C07E19819A32531007DB1C6 /* Frameworks */ = {
			isa = PBXFrameworksBuildPhase;
			buildActionMask = 2147483647;
			files = (
				1C07E1DA19A32C1F007DB1C6 /* CoreData.framework in Frameworks */,
				1C07E1A119A32531007DB1C6 /* CoreGraphics.framework in Frameworks */,
				1C07E1A319A32531007DB1C6 /* UIKit.framework in Frameworks */,
				1C07E19F19A32531007DB1C6 /* Foundation.framework in Frameworks */,
			);
			runOnlyForDeploymentPostprocessing = 0;
		};
		1C07E1B919A32531007DB1C6 /* Frameworks */ = {
			isa = PBXFrameworksBuildPhase;
			buildActionMask = 2147483647;
			files = (
				1C07E1BE19A32531007DB1C6 /* XCTest.framework in Frameworks */,
				1C07E1C019A32531007DB1C6 /* UIKit.framework in Frameworks */,
				1C07E1BF19A32531007DB1C6 /* Foundation.framework in Frameworks */,
			);
			runOnlyForDeploymentPostprocessing = 0;
		};
/* End PBXFrameworksBuildPhase section */

/* Begin PBXGroup section */
		1C07E19219A32531007DB1C6 = {
			isa = PBXGroup;
			children = (
				1C07E1A419A32531007DB1C6 /* CoreDataWithSingleView */,
				1C07E1C319A32531007DB1C6 /* CoreDataWithSingleViewTests */,
				1C07E19D19A32531007DB1C6 /* Frameworks */,
				1C07E19C19A32531007DB1C6 /* Products */,
			);
			sourceTree = "<group>";
		};
		1C07E19C19A32531007DB1C6 /* Products */ = {
			isa = PBXGroup;
			children = (
				1C07E19B19A32531007DB1C6 /* CoreDataWithSingleView.app */,
				1C07E1BC19A32531007DB1C6 /* CoreDataWithSingleViewTests.xctest */,
			);
			name = Products;
			sourceTree = "<group>";
		};
		1C07E19D19A32531007DB1C6 /* Frameworks */ = {
			isa = PBXGroup;
			children = (
				1C07E1D919A32C1F007DB1C6 /* CoreData.framework */,
				1C07E19E19A32531007DB1C6 /* Foundation.framework */,
				1C07E1A019A32531007DB1C6 /* CoreGraphics.framework */,
				1C07E1A219A32531007DB1C6 /* UIKit.framework */,
				1C07E1BD19A32531007DB1C6 /* XCTest.framework */,
			);
			name = Frameworks;
			sourceTree = "<group>";
		};
		1C07E1A419A32531007DB1C6 /* CoreDataWithSingleView */ = {
			isa = PBXGroup;
			children = (
				1C07E1AD19A32531007DB1C6 /* AppDelegate.h */,
				1C07E1AE19A32531007DB1C6 /* AppDelegate.m */,
				1C07E1B019A32531007DB1C6 /* Main.storyboard */,
				1C07E1B319A32531007DB1C6 /* ViewController.h */,
				1C07E1B419A32531007DB1C6 /* ViewController.m */,
				1C07E1D319A326A8007DB1C6 /* FormFillup.h */,
				1C07E1D419A326A8007DB1C6 /* FormFillup.m */,
				1C07E1B619A32531007DB1C6 /* Images.xcassets */,
				1C07E1A519A32531007DB1C6 /* Supporting Files */,
				1C07E1D619A32B2E007DB1C6 /* FormData.xcdatamodeld */,
			);
			path = CoreDataWithSingleView;
			sourceTree = "<group>";
		};
		1C07E1A519A32531007DB1C6 /* Supporting Files */ = {
			isa = PBXGroup;
			children = (
				1C07E1A619A32531007DB1C6 /* CoreDataWithSingleView-Info.plist */,
				1C07E1A719A32531007DB1C6 /* InfoPlist.strings */,
				1C07E1AA19A32531007DB1C6 /* main.m */,
				1C07E1AC19A32531007DB1C6 /* CoreDataWithSingleView-Prefix.pch */,
			);
			name = "Supporting Files";
			sourceTree = "<group>";
		};
		1C07E1C319A32531007DB1C6 /* CoreDataWithSingleViewTests */ = {
			isa = PBXGroup;
			children = (
				1C07E1C919A32531007DB1C6 /* CoreDataWithSingleViewTests.m */,
				1C07E1C419A32531007DB1C6 /* Supporting Files */,
			);
			path = CoreDataWithSingleViewTests;
			sourceTree = "<group>";
		};
		1C07E1C419A32531007DB1C6 /* Supporting Files */ = {
			isa = PBXGroup;
			children = (
				1C07E1C519A32531007DB1C6 /* CoreDataWithSingleViewTests-Info.plist */,
				1C07E1C619A32531007DB1C6 /* InfoPlist.strings */,
			);
			name = "Supporting Files";
			sourceTree = "<group>";
		};
/* End PBXGroup section */

/* Begin PBXNativeTarget section */
		1C07E19A19A32531007DB1C6 /* CoreDataWithSingleView */ = {
			isa = PBXNativeTarget;
			buildConfigurationList = 1C07E1CD19A32531007DB1C6 /* Build configuration list for PBXNativeTarget "CoreDataWithSingleView" */;
			buildPhases = (
				1C07E19719A32531007DB1C6 /* Sources */,
				1C07E19819A32531007DB1C6 /* Frameworks */,
				1C07E19919A32531007DB1C6 /* Resources */,
			);
			buildRules = (
			);
			dependencies = (
			);
			name = CoreDataWithSingleView;
			productName = CoreDataWithSingleView;
			productReference = 1C07E19B19A32531007DB1C6 /* CoreDataWithSingleView.app */;
			productType = "com.apple.product-type.application";
		};
		1C07E1BB19A32531007DB1C6 /* CoreDataWithSingleViewTests */ = {
			isa = PBXNativeTarget;
			buildConfigurationList = 1C07E1D019A32531007DB1C6 /* Build configuration list for PBXNativeTarget "CoreDataWithSingleViewTests" */;
			buildPhases = (
				1C07E1B819A32531007DB1C6 /* Sources */,
				1C07E1B919A32531007DB1C6 /* Frameworks */,
				1C07E1BA19A32531007DB1C6 /* Resources */,
			);
			buildRules = (
			);
			dependencies = (
				1C07E1C219A32531007DB1C6 /* PBXTargetDependency */,
			);
			name = CoreDataWithSingleViewTests;
			productName = CoreDataWithSingleViewTests;
			productReference = 1C07E1BC19A32531007DB1C6 /* CoreDataWithSingleViewTests.xctest */;
			productType = "com.apple.product-type.bundle.unit-test";
		};
/* End PBXNativeTarget section */

/* Begin PBXProject section */
		1C07E19319A32531007DB1C6 /* Project object */ = {
			isa = PBXProject;
			attributes = {
				LastUpgradeCheck = 0510;
				ORGANIZATIONNAME = Infinium;
				TargetAttributes = {
					1C07E1BB19A32531007DB1C6 = {
						TestTargetID = 1C07E19A19A32531007DB1C6;
					};
				};
			};
			buildConfigurationList = 1C07E19619A32531007DB1C6 /* Build configuration list for PBXProject "CoreDataWithSingleView" */;
			compatibilityVersion = "Xcode 3.2";
			developmentRegion = English;
			hasScannedForEncodings = 0;
			knownRegions = (
				en,
				Base,
			);
			mainGroup = 1C07E19219A32531007DB1C6;
			productRefGroup = 1C07E19C19A32531007DB1C6 /* Products */;
			projectDirPath = "";
			projectRoot = "";
			targets = (
				1C07E19A19A32531007DB1C6 /* CoreDataWithSingleView */,
				1C07E1BB19A32531007DB1C6 /* CoreDataWithSingleViewTests */,
			);
		};
/* End PBXProject section */

/* Begin PBXResourcesBuildPhase section */
		1C07E19919A32531007DB1C6 /* Resources */ = {
			isa = PBXResourcesBuildPhase;
			buildActionMask = 2147483647;
			files = (
				1C07E1B719A32531007DB1C6 /* Images.xcassets in Resources */,
				1C07E1A919A32531007DB1C6 /* InfoPlist.strings in Resources */,
				1C07E1B219A32531007DB1C6 /* Main.storyboard in Resources */,
			);
			runOnlyForDeploymentPostprocessing = 0;
		};
		1C07E1BA19A32531007DB1C6 /* Resources */ = {
			isa = PBXResourcesBuildPhase;
			buildActionMask = 2147483647;
			files = (
				1C07E1C819A32531007DB1C6 /* InfoPlist.strings in Resources */,
			);
			runOnlyForDeploymentPostprocessing = 0;
		};
/* End PBXResourcesBuildPhase section */

/* Begin PBXSourcesBuildPhase section */
		1C07E19719A32531007DB1C6 /* Sources */ = {
			isa = PBXSourcesBuildPhase;
			buildActionMask = 2147483647;
			files = (
				1C07E1B519A32531007DB1C6 /* ViewController.m in Sources */,
				1C07E1AF19A32531007DB1C6 /* AppDelegate.m in Sources */,
				1C07E1AB19A32531007DB1C6 /* main.m in Sources */,
				1C07E1D819A32B2E007DB1C6 /* FormData.xcdatamodeld in Sources */,
				1C07E1D519A326A8007DB1C6 /* FormFillup.m in Sources */,
			);
			runOnlyForDeploymentPostprocessing = 0;
		};
		1C07E1B819A32531007DB1C6 /* Sources */ = {
			isa = PBXSourcesBuildPhase;
			buildActionMask = 2147483647;
			files = (
				1C07E1CA19A32531007DB1C6 /* CoreDataWithSingleViewTests.m in Sources */,
			);
			runOnlyForDeploymentPostprocessing = 0;
		};
/* End PBXSourcesBuildPhase section */

/* Begin PBXTargetDependency section */
		1C07E1C219A32531007DB1C6 /* PBXTargetDependency */ = {
			isa = PBXTargetDependency;
			target = 1C07E19A19A32531007DB1C6 /* CoreDataWithSingleView */;
			targetProxy = 1C07E1C119A32531007DB1C6 /* PBXContainerItemProxy */;
		};
/* End PBXTargetDependency section */

/* Begin PBXVariantGroup section */
		1C07E1A719A32531007DB1C6 /* InfoPlist.strings */ = {
			isa = PBXVariantGroup;
			children = (
				1C07E1A819A32531007DB1C6 /* en */,
			);
			name = InfoPlist.strings;
			sourceTree = "<group>";
		};
		1C07E1B019A32531007DB1C6 /* Main.storyboard */ = {
			isa = PBXVariantGroup;
			children = (
				1C07E1B119A32531007DB1C6 /* Base */,
			);
			name = Main.storyboard;
			sourceTree = "<group>";
		};
		1C07E1C619A32531007DB1C6 /* InfoPlist.strings */ = {
			isa = PBXVariantGroup;
			children = (
				1C07E1C719A32531007DB1C6 /* en */,
			);
			name = InfoPlist.strings;
			sourceTree = "<group>";
		};
/* End PBXVariantGroup section */

/* Begin XCBuildConfiguration section */
		1C07E1CB19A32531007DB1C6 /* Debug */ = {
			isa = XCBuildConfiguration;
			buildSettings = {
				ALWAYS_SEARCH_USER_PATHS = NO;
				CLANG_CXX_LANGUAGE_STANDARD = "gnu++0x";
				CLANG_CXX_LIBRARY = "libc++";
				CLANG_ENABLE_MODULES = YES;
				CLANG_ENABLE_OBJC_ARC = YES;
				CLANG_WARN_BOOL_CONVERSION = YES;
				CLANG_WARN_CONSTANT_CONVERSION = YES;
				CLANG_WARN_DIRECT_OBJC_ISA_USAGE = YES_ERROR;
				CLANG_WARN_EMPTY_BODY = YES;
				CLANG_WARN_ENUM_CONVERSION = YES;
				CLANG_WARN_INT_CONVERSION = YES;
				CLANG_WARN_OBJC_ROOT_CLASS = YES_ERROR;
				CLANG_WARN__DUPLICATE_METHOD_MATCH = YES;
				"CODE_SIGN_IDENTITY[sdk=iphoneos*]" = "iPhone Developer";
				COPY_PHASE_STRIP = NO;
				GCC_C_LANGUAGE_STANDARD = gnu99;
				GCC_DYNAMIC_NO_PIC = NO;
				GCC_OPTIMIZATION_LEVEL = 0;
				GCC_PREPROCESSOR_DEFINITIONS = (
					"DEBUG=1",
					"$(inherited)",
				);
				GCC_SYMBOLS_PRIVATE_EXTERN = NO;
				GCC_WARN_64_TO_32_BIT_CONVERSION = YES;
				GCC_WARN_ABOUT_RETURN_TYPE = YES_ERROR;
				GCC_WARN_UNDECLARED_SELECTOR = YES;
				GCC_WARN_UNINITIALIZED_AUTOS = YES_AGGRESSIVE;
				GCC_WARN_UNUSED_FUNCTION = YES;
				GCC_WARN_UNUSED_VARIABLE = YES;
				IPHONEOS_DEPLOYMENT_TARGET = 7.1;
				ONLY_ACTIVE_ARCH = YES;
				SDKROOT = iphoneos;
			};
			name = Debug;
		};
		1C07E1CC19A32531007DB1C6 /* Release */ = {
			isa = XCBuildConfiguration;
			buildSettings = {
				ALWAYS_SEARCH_USER_PATHS = NO;
				CLANG_CXX_LANGUAGE_STANDARD = "gnu++0x";
				CLANG_CXX_LIBRARY = "libc++";
				CLANG_ENABLE_MODULES = YES;
				CLANG_ENABLE_OBJC_ARC = YES;
				CLANG_WARN_BOOL_CONVERSION = YES;
				CLANG_WARN_CONSTANT_CONVERSION = YES;
				CLANG_WARN_DIRECT_OBJC_ISA_USAGE = YES_ERROR;
				CLANG_WARN_EMPTY_BODY = YES;
				CLANG_WARN_ENUM_CONVERSION = YES;
				CLANG_WARN_INT_CONVERSION = YES;
				CLANG_WARN_OBJC_ROOT_CLASS = YES_ERROR;
				CLANG_WARN__DUPLICATE_METHOD_MATCH = YES;
				"CODE_SIGN_IDENTITY[sdk=iphoneos*]" = "iPhone Developer";
				COPY_PHASE_STRIP = YES;
				ENABLE_NS_ASSERTIONS = NO;
				GCC_C_LANGUAGE_STANDARD = gnu99;
				GCC_WARN_64_TO_32_BIT_CONVERSION = YES;
				GCC_WARN_ABOUT_RETURN_TYPE = YES_ERROR;
				GCC_WARN_UNDECLARED_SELECTOR = YES;
				GCC_WARN_UNINITIALIZED_AUTOS = YES_AGGRESSIVE;
				GCC_WARN_UNUSED_FUNCTION = YES;
				GCC_WARN_UNUSED_VARIABLE = YES;
				IPHONEOS_DEPLOYMENT_TARGET = 7.1;
				SDKROOT = iphoneos;
				VALIDATE_PRODUCT = YES;
			};
			name = Release;
		};
		1C07E1CE19A32531007DB1C6 /* Debug */ = {
			isa = XCBuildConfiguration;
			buildSettings = {
				ASSETCATALOG_COMPILER_APPICON_NAME = AppIcon;
				ASSETCATALOG_COMPILER_LAUNCHIMAGE_NAME = LaunchImage;
				GCC_PRECOMPILE_PREFIX_HEADER = YES;
				GCC_PREFIX_HEADER = "CoreDataWithSingleView/CoreDataWithSingleView-Prefix.pch";
				INFOPLIST_FILE = "CoreDataWithSingleView/CoreDataWithSingleView-Info.plist";
				PRODUCT_NAME = "$(TARGET_NAME)";
				WRAPPER_EXTENSION = app;
			};
			name = Debug;
		};
		1C07E1CF19A32531007DB1C6 /* Release */ = {
			isa = XCBuildConfiguration;
			buildSettings = {
				ASSETCATALOG_COMPILER_APPICON_NAME = AppIcon;
				ASSETCATALOG_COMPILER_LAUNCHIMAGE_NAME = LaunchImage;
				GCC_PRECOMPILE_PREFIX_HEADER = YES;
				GCC_PREFIX_HEADER = "CoreDataWithSingleView/CoreDataWithSingleView-Prefix.pch";
				INFOPLIST_FILE = "CoreDataWithSingleView/CoreDataWithSingleView-Info.plist";
				PRODUCT_NAME = "$(TARGET_NAME)";
				WRAPPER_EXTENSION = app;
			};
			name = Release;
		};
		1C07E1D119A32531007DB1C6 /* Debug */ = {
			isa = XCBuildConfiguration;
			buildSettings = {
				BUNDLE_LOADER = "$(BUILT_PRODUCTS_DIR)/CoreDataWithSingleView.app/CoreDataWithSingleView";
				FRAMEWORK_SEARCH_PATHS = (
					"$(SDKROOT)/Developer/Library/Frameworks",
					"$(inherited)",
					"$(DEVELOPER_FRAMEWORKS_DIR)",
				);
				GCC_PRECOMPILE_PREFIX_HEADER = YES;
				GCC_PREFIX_HEADER = "CoreDataWithSingleView/CoreDataWithSingleView-Prefix.pch";
				GCC_PREPROCESSOR_DEFINITIONS = (
					"DEBUG=1",
					"$(inherited)",
				);
				INFOPLIST_FILE = "CoreDataWithSingleViewTests/CoreDataWithSingleViewTests-Info.plist";
				PRODUCT_NAME = "$(TARGET_NAME)";
				TEST_HOST = "$(BUNDLE_LOADER)";
				WRAPPER_EXTENSION = xctest;
			};
			name = Debug;
		};
		1C07E1D219A32531007DB1C6 /* Release */ = {
			isa = XCBuildConfiguration;
			buildSettings = {
				BUNDLE_LOADER = "$(BUILT_PRODUCTS_DIR)/CoreDataWithSingleView.app/CoreDataWithSingleView";
				FRAMEWORK_SEARCH_PATHS = (
					"$(SDKROOT)/Developer/Library/Frameworks",
					"$(inherited)",
					"$(DEVELOPER_FRAMEWORKS_DIR)",
				);
				GCC_PRECOMPILE_PREFIX_HEADER = YES;
				GCC_PREFIX_HEADER = "CoreDataWithSingleView/CoreDataWithSingleView-Prefix.pch";
				INFOPLIST_FILE = "CoreDataWithSingleViewTests/CoreDataWithSingleViewTests-Info.plist";
				PRODUCT_NAME = "$(TARGET_NAME)";
				TEST_HOST = "$(BUNDLE_LOADER)";
				WRAPPER_EXTENSION = xctest;
			};
			name = Release;
		};
/* End XCBuildConfiguration section */

/* Begin XCConfigurationList section */
		1C07E19619A32531007DB1C6 /* Build configuration list for PBXProject "CoreDataWithSingleView" */ = {
			isa = XCConfigurationList;
			buildConfigurations = (
				1C07E1CB19A32531007DB1C6 /* Debug */,
				1C07E1CC19A32531007DB1C6 /* Release */,
			);
			defaultConfigurationIsVisible = 0;
			defaultConfigurationName = Release;
		};
		1C07E1CD19A32531007DB1C6 /* Build configuration list for PBXNativeTarget "CoreDataWithSingleView" */ = {
			isa = XCConfigurationList;
			buildConfigurations = (
				1C07E1CE19A32531007DB1C6 /* Debug */,
				1C07E1CF19A32531007DB1C6 /* Release */,
			);
			defaultConfigurationIsVisible = 0;
		};
		1C07E1D019A32531007DB1C6 /* Build configuration list for PBXNativeTarget "CoreDataWithSingleViewTests" */ = {
			isa = XCConfigurationList;
			buildConfigurations = (
				1C07E1D119A32531007DB1C6 /* Debug */,
				1C07E1D219A32531007DB1C6 /* Release */,
			);
			defaultConfigurationIsVisible = 0;
		};
/* End XCConfigurationList section */

/* Begin XCVersionGroup section */
		1C07E1D619A32B2E007DB1C6 /* FormData.xcdatamodeld */ = {
			isa = XCVersionGroup;
			children = (
				1C07E1D719A32B2E007DB1C6 /* FormData.xcdatamodel */,
			);
			currentVersion = 1C07E1D719A32B2E007DB1C6 /* FormData.xcdatamodel */;
			path = FormData.xcdatamodeld;
			sourceTree = "<group>";
			versionGroupType = wrapper.xcdatamodel;
		};
/* End XCVersionGroup section */
	};
	rootObject = 1C07E19319A32531007DB1C6 /* Project object */;
}
